
Microsoft Visual Studio Solution File, Format Version 12.00
Project("{FAE04EC0-301F-11D3-BF4B-00C04F79EFBC}") = "OrderFiltering", "OrderFiltering\OrderFiltering.csproj", "{2C11829C-1BC2-4E20-8ACD-55EA357CC979}"
EndProject
Global
	GlobalSection(SolutionConfigurationPlatforms) = preSolution
		Debug|Any CPU = Debug|Any CPU
		Release|Any CPU = Release|Any CPU
	EndGlobalSection
	GlobalSection(ProjectConfigurationPlatforms) = postSolution
		{2C11829C-1BC2-4E20-8ACD-55EA357CC979}.Debug|Any CPU.ActiveCfg = Debug|Any CPU
		{2C11829C-1BC2-4E20-8ACD-55EA357CC979}.Debug|Any CPU.Build.0 = Debug|Any CPU
		{2C11829C-1BC2-4E20-8ACD-55EA357CC979}.Release|Any CPU.ActiveCfg = Release|Any CPU
		{2C11829C-1BC2-4E20-8ACD-55EA357CC979}.Release|Any CPU.Build.0 = Release|Any CPU
	EndGlobalSection
EndGlobal
